
Microsoft Visual Studio Solution File, Format Version 12.00
# Visual Studio Version 17
VisualStudioVersion = 17.5.002.0
MinimumVisualStudioVersion = 10.0.40219.1
Project("{9A19103F-16F7-4668-BE54-9A1E7A4F7556}") = "Atividade", "Atividade\Atividade.csproj", "{A27E115E-3F16-4F19-81DC-4C68F7290A93}"
EndProject
Global
	GlobalSection(SolutionConfigurationPlatforms) = preSolution
		Debug|Any CPU = Debug|Any CPU
		Release|Any CPU = Release|Any CPU
	EndGlobalSection
	GlobalSection(ProjectConfigurationPlatforms) = postSolution
		{A27E115E-3F16-4F19-81DC-4C68F7290A93}.Debug|Any CPU.ActiveCfg = Debug|Any CPU
		{A27E115E-3F16-4F19-81DC-4C68F7290A93}.Debug|Any CPU.Build.0 = Debug|Any CPU
		{A27E115E-3F16-4F19-81DC-4C68F7290A93}.Release|Any CPU.ActiveCfg = Release|Any CPU
		{A27E115E-3F16-4F19-81DC-4C68F7290A93}.Release|Any CPU.Build.0 = Release|Any CPU
	EndGlobalSection
	GlobalSection(SolutionProperties) = preSolution
		HideSolutionNode = FALSE
	EndGlobalSection
	GlobalSection(ExtensibilityGlobals) = postSolution
		SolutionGuid = {436B6909-2BFC-4320-AAF5-69C3186FDD1E}
	EndGlobalSection
EndGlobal
